
Microsoft Visual Studio Solution File, Format Version 12.00
# Visual Studio Version 17
VisualStudioVersion = 17.11.35222.181
MinimumVisualStudioVersion = 10.0.40219.1
Project("{9A19103F-16F7-4668-BE54-9A1E7A4F7556}") = "HRMApp.WebUI", "HRMApp.WebUI\HRMApp.WebUI.csproj", "{30F16E91-3943-4E69-A5D3-AE41D030610D}"
EndProject
Project("{9A19103F-16F7-4668-BE54-9A1E7A4F7556}") = "HRMApp.Application", "HRMApp.Application\HRMApp.Application.csproj", "{FAF2A92F-5038-4B04-A487-DF2350A5D63A}"
EndProject
Project("{9A19103F-16F7-4668-BE54-9A1E7A4F7556}") = "HRMApp.Domain", "HRMApp.Domain\HRMApp.Domain.csproj", "{89C0947B-4FF2-4AAA-A115-FEE8B807090F}"
EndProject
Project("{9A19103F-16F7-4668-BE54-9A1E7A4F7556}") = "HRMApp.Infrastructure", "HRMApp.Infrastructure\HRMApp.Infrastructure.csproj", "{5E8BD519-1891-4CF3-80AE-A1F6BCE80C0D}"
EndProject
Global
	GlobalSection(SolutionConfigurationPlatforms) = preSolution
		Debug|Any CPU = Debug|Any CPU
		Release|Any CPU = Release|Any CPU
	EndGlobalSection
	GlobalSection(ProjectConfigurationPlatforms) = postSolution
		{30F16E91-3943-4E69-A5D3-AE41D030610D}.Debug|Any CPU.ActiveCfg = Debug|Any CPU
		{30F16E91-3943-4E69-A5D3-AE41D030610D}.Debug|Any CPU.Build.0 = Debug|Any CPU
		{30F16E91-3943-4E69-A5D3-AE41D030610D}.Release|Any CPU.ActiveCfg = Release|Any CPU
		{30F16E91-3943-4E69-A5D3-AE41D030610D}.Release|Any CPU.Build.0 = Release|Any CPU
		{FAF2A92F-5038-4B04-A487-DF2350A5D63A}.Debug|Any CPU.ActiveCfg = Debug|Any CPU
		{FAF2A92F-5038-4B04-A487-DF2350A5D63A}.Debug|Any CPU.Build.0 = Debug|Any CPU
		{FAF2A92F-5038-4B04-A487-DF2350A5D63A}.Release|Any CPU.ActiveCfg = Release|Any CPU
		{FAF2A92F-5038-4B04-A487-DF2350A5D63A}.Release|Any CPU.Build.0 = Release|Any CPU
		{89C0947B-4FF2-4AAA-A115-FEE8B807090F}.Debug|Any CPU.ActiveCfg = Debug|Any CPU
		{89C0947B-4FF2-4AAA-A115-FEE8B807090F}.Debug|Any CPU.Build.0 = Debug|Any CPU
		{89C0947B-4FF2-4AAA-A115-FEE8B807090F}.Release|Any CPU.ActiveCfg = Release|Any CPU
		{89C0947B-4FF2-4AAA-A115-FEE8B807090F}.Release|Any CPU.Build.0 = Release|Any CPU
		{5E8BD519-1891-4CF3-80AE-A1F6BCE80C0D}.Debug|Any CPU.ActiveCfg = Debug|Any CPU
		{5E8BD519-1891-4CF3-80AE-A1F6BCE80C0D}.Debug|Any CPU.Build.0 = Debug|Any CPU
		{5E8BD519-1891-4CF3-80AE-A1F6BCE80C0D}.Release|Any CPU.ActiveCfg = Release|Any CPU
		{5E8BD519-1891-4CF3-80AE-A1F6BCE80C0D}.Release|Any CPU.Build.0 = Release|Any CPU
	EndGlobalSection
	GlobalSection(SolutionProperties) = preSolution
		HideSolutionNode = FALSE
	EndGlobalSection
	GlobalSection(ExtensibilityGlobals) = postSolution
		SolutionGuid = {26569A69-FED8-41B5-9FB7-548FBAD497A5}
	EndGlobalSection
EndGlobal
